// !$*UTF8*$!
{
	archiveVersion = 1;
	classes = {
	};
	objectVersion = 50;
	objects = {

/* Begin PBXBuildFile section */
		7C775E5E2191436B00018F6E /* LocationAndMapViewController.m in Sources */ = {isa = PBXBuildFile; fileRef = 7C775E5C2191436B00018F6E /* LocationAndMapViewController.m */; };
		7C775E5F2191436B00018F6E /* LocationAndMapViewController.m in Sources */ = {isa = PBXBuildFile; fileRef = 7C775E5C2191436B00018F6E /* LocationAndMapViewController.m */; };
		7C775E602191436B00018F6E /* LocationAndMapViewController.xib in Resources */ = {isa = PBXBuildFile; fileRef = 7C775E5D2191436B00018F6E /* LocationAndMapViewController.xib */; };
		7C775E66219160D300018F6E /* LocationPointViewController.m in Sources */ = {isa = PBXBuildFile; fileRef = 7C775E64219160D300018F6E /* LocationPointViewController.m */; };
		7C775E67219160D300018F6E /* LocationPointViewController.m in Sources */ = {isa = PBXBuildFile; fileRef = 7C775E64219160D300018F6E /* LocationPointViewController.m */; };
		7C775E68219160D300018F6E /* LocationPointViewController.xib in Resources */ = {isa = PBXBuildFile; fileRef = 7C775E65219160D300018F6E /* LocationPointViewController.xib */; };
		7C775E6B219164E500018F6E /* CoreLocation.framework in Frameworks */ = {isa = PBXBuildFile; fileRef = 7C775E6A219164E500018F6E /* CoreLocation.framework */; };
		7C775E6D219164EB00018F6E /* MapKit.framework in Frameworks */ = {isa = PBXBuildFile; fileRef = 7C775E6C219164EB00018F6E /* MapKit.framework */; };
		7C775E712191785100018F6E /* LocationMapViewController.m in Sources */ = {isa = PBXBuildFile; fileRef = 7C775E6F2191785100018F6E /* LocationMapViewController.m */; };
		7C775E722191785100018F6E /* LocationMapViewController.m in Sources */ = {isa = PBXBuildFile; fileRef = 7C775E6F2191785100018F6E /* LocationMapViewController.m */; };
		7C775E732191785100018F6E /* LocationMapViewController.xib in Resources */ = {isa = PBXBuildFile; fileRef = 7C775E702191785100018F6E /* LocationMapViewController.xib */; };
		7C775E79219295E000018F6E /* LocationNavitionViewController.m in Sources */ = {isa = PBXBuildFile; fileRef = 7C775E77219295E000018F6E /* LocationNavitionViewController.m */; };
		7C775E7A219295E000018F6E /* LocationNavitionViewController.m in Sources */ = {isa = PBXBuildFile; fileRef = 7C775E77219295E000018F6E /* LocationNavitionViewController.m */; };
		7C775E7B219295E000018F6E /* LocationNavitionViewController.xib in Resources */ = {isa = PBXBuildFile; fileRef = 7C775E78219295E000018F6E /* LocationNavitionViewController.xib */; };
/* End PBXBuildFile section */

/* Begin PBXCopyFilesBuildPhase section */
		7C775E0E21904C0E00018F6E /* CopyFiles */ = {
			isa = PBXCopyFilesBuildPhase;
			buildActionMask = 2147483647;
			dstPath = "include/$(PRODUCT_NAME)";
			dstSubfolderSpec = 16;
			files = (
			);
			runOnlyForDeploymentPostprocessing = 0;
		};
/* End PBXCopyFilesBuildPhase section */

/* Begin PBXFileReference section */
		7C775E1021904C0E00018F6E /* libLocationAndMap.a */ = {isa = PBXFileReference; explicitFileType = archive.ar; includeInIndex = 0; path = libLocationAndMap.a; sourceTree = BUILT_PRODUCTS_DIR; };
		7C775E512191423D00018F6E /* LocationAndMap.bundle */ = {isa = PBXFileReference; explicitFileType = wrapper.cfbundle; includeInIndex = 0; path = LocationAndMap.bundle; sourceTree = BUILT_PRODUCTS_DIR; };
		7C775E532191423D00018F6E /* Info.plist */ = {isa = PBXFileReference; lastKnownFileType = text.plist.xml; path = Info.plist; sourceTree = "<group>"; };
		7C775E5B2191436B00018F6E /* LocationAndMapViewController.h */ = {isa = PBXFileReference; lastKnownFileType = sourcecode.c.h; path = LocationAndMapViewController.h; sourceTree = "<group>"; };
		7C775E5C2191436B00018F6E /* LocationAndMapViewController.m */ = {isa = PBXFileReference; lastKnownFileType = sourcecode.c.objc; path = LocationAndMapViewController.m; sourceTree = "<group>"; };
		7C775E5D2191436B00018F6E /* LocationAndMapViewController.xib */ = {isa = PBXFileReference; lastKnownFileType = file.xib; path = LocationAndMapViewController.xib; sourceTree = "<group>"; };
		7C775E63219160D300018F6E /* LocationPointViewController.h */ = {isa = PBXFileReference; lastKnownFileType = sourcecode.c.h; path = LocationPointViewController.h; sourceTree = "<group>"; };
		7C775E64219160D300018F6E /* LocationPointViewController.m */ = {isa = PBXFileReference; lastKnownFileType = sourcecode.c.objc; path = LocationPointViewController.m; sourceTree = "<group>"; };
		7C775E65219160D300018F6E /* LocationPointViewController.xib */ = {isa = PBXFileReference; lastKnownFileType = file.xib; path = LocationPointViewController.xib; sourceTree = "<group>"; };
		7C775E6A219164E500018F6E /* CoreLocation.framework */ = {isa = PBXFileReference; lastKnownFileType = wrapper.framework; name = CoreLocation.framework; path = System/Library/Frameworks/CoreLocation.framework; sourceTree = SDKROOT; };
		7C775E6C219164EB00018F6E /* MapKit.framework */ = {isa = PBXFileReference; lastKnownFileType = wrapper.framework; name = MapKit.framework; path = System/Library/Frameworks/MapKit.framework; sourceTree = SDKROOT; };
		7C775E6E2191785100018F6E /* LocationMapViewController.h */ = {isa = PBXFileReference; lastKnownFileType = sourcecode.c.h; path = LocationMapViewController.h; sourceTree = "<group>"; };
		7C775E6F2191785100018F6E /* LocationMapViewController.m */ = {isa = PBXFileReference; lastKnownFileType = sourcecode.c.objc; path = LocationMapViewController.m; sourceTree = "<group>"; };
		7C775E702191785100018F6E /* LocationMapViewController.xib */ = {isa = PBXFileReference; lastKnownFileType = file.xib; path = LocationMapViewController.xib; sourceTree = "<group>"; };
		7C775E76219295E000018F6E /* LocationNavitionViewController.h */ = {isa = PBXFileReference; lastKnownFileType = sourcecode.c.h; path = LocationNavitionViewController.h; sourceTree = "<group>"; };
		7C775E77219295E000018F6E /* LocationNavitionViewController.m */ = {isa = PBXFileReference; lastKnownFileType = sourcecode.c.objc; path = LocationNavitionViewController.m; sourceTree = "<group>"; };
		7C775E78219295E000018F6E /* LocationNavitionViewController.xib */ = {isa = PBXFileReference; lastKnownFileType = file.xib; path = LocationNavitionViewController.xib; sourceTree = "<group>"; };
/* End PBXFileReference section */

/* Begin PBXFrameworksBuildPhase section */
		7C775E0D21904C0E00018F6E /* Frameworks */ = {
			isa = PBXFrameworksBuildPhase;
			buildActionMask = 2147483647;
			files = (
				7C775E6D219164EB00018F6E /* MapKit.framework in Frameworks */,
				7C775E6B219164E500018F6E /* CoreLocation.framework in Frameworks */,
			);
			runOnlyForDeploymentPostprocessing = 0;
		};
		7C775E4E2191423D00018F6E /* Frameworks */ = {
			isa = PBXFrameworksBuildPhase;
			buildActionMask = 2147483647;
			files = (
			);
			runOnlyForDeploymentPostprocessing = 0;
		};
/* End PBXFrameworksBuildPhase section */

/* Begin PBXGroup section */
		7C775E0721904C0E00018F6E = {
			isa = PBXGroup;
			children = (
				7C775E1221904C0E00018F6E /* LocationAndMap */,
				7C775E522191423D00018F6E /* LocationAndMapBundle */,
				7C775E1121904C0E00018F6E /* Products */,
				7C775E69219164E400018F6E /* Frameworks */,
			);
			sourceTree = "<group>";
		};
		7C775E1121904C0E00018F6E /* Products */ = {
			isa = PBXGroup;
			children = (
				7C775E1021904C0E00018F6E /* libLocationAndMap.a */,
				7C775E512191423D00018F6E /* LocationAndMap.bundle */,
			);
			name = Products;
			sourceTree = "<group>";
		};
		7C775E1221904C0E00018F6E /* LocationAndMap */ = {
			isa = PBXGroup;
			children = (
				7C775E5B2191436B00018F6E /* LocationAndMapViewController.h */,
				7C775E5C2191436B00018F6E /* LocationAndMapViewController.m */,
				7C775E5D2191436B00018F6E /* LocationAndMapViewController.xib */,
				7C775E63219160D300018F6E /* LocationPointViewController.h */,
				7C775E64219160D300018F6E /* LocationPointViewController.m */,
				7C775E65219160D300018F6E /* LocationPointViewController.xib */,
				7C775E6E2191785100018F6E /* LocationMapViewController.h */,
				7C775E6F2191785100018F6E /* LocationMapViewController.m */,
				7C775E702191785100018F6E /* LocationMapViewController.xib */,
				7C775E76219295E000018F6E /* LocationNavitionViewController.h */,
				7C775E77219295E000018F6E /* LocationNavitionViewController.m */,
				7C775E78219295E000018F6E /* LocationNavitionViewController.xib */,
			);
			path = LocationAndMap;
			sourceTree = "<group>";
		};
		7C775E522191423D00018F6E /* LocationAndMapBundle */ = {
			isa = PBXGroup;
			children = (
				7C775E532191423D00018F6E /* Info.plist */,
			);
			path = LocationAndMapBundle;
			sourceTree = "<group>";
		};
		7C775E69219164E400018F6E /* Frameworks */ = {
			isa = PBXGroup;
			children = (
				7C775E6C219164EB00018F6E /* MapKit.framework */,
				7C775E6A219164E500018F6E /* CoreLocation.framework */,
			);
			name = Frameworks;
			sourceTree = "<group>";
		};
/* End PBXGroup section */

/* Begin PBXNativeTarget section */
		7C775E0F21904C0E00018F6E /* LocationAndMap */ = {
			isa = PBXNativeTarget;
			buildConfigurationList = 7C775E1921904C0E00018F6E /* Build configuration list for PBXNativeTarget "LocationAndMap" */;
			buildPhases = (
				7C775E0C21904C0E00018F6E /* Sources */,
				7C775E0D21904C0E00018F6E /* Frameworks */,
				7C775E0E21904C0E00018F6E /* CopyFiles */,
			);
			buildRules = (
			);
			dependencies = (
			);
			name = LocationAndMap;
			productName = LocationAndMap;
			productReference = 7C775E1021904C0E00018F6E /* libLocationAndMap.a */;
			productType = "com.apple.product-type.library.static";
		};
		7C775E502191423D00018F6E /* LocationAndMapBundle */ = {
			isa = PBXNativeTarget;
			buildConfigurationList = 7C775E562191423D00018F6E /* Build configuration list for PBXNativeTarget "LocationAndMapBundle" */;
			buildPhases = (
				7C775E4D2191423D00018F6E /* Sources */,
				7C775E4E2191423D00018F6E /* Frameworks */,
				7C775E4F2191423D00018F6E /* Resources */,
				7C775E572191431900018F6E /* ShellScript */,
			);
			buildRules = (
			);
			dependencies = (
			);
			name = LocationAndMapBundle;
			productName = LocationAndMapBundle;
			productReference = 7C775E512191423D00018F6E /* LocationAndMap.bundle */;
			productType = "com.apple.product-type.bundle";
		};
/* End PBXNativeTarget section */

/* Begin PBXProject section */
		7C775E0821904C0E00018F6E /* Project object */ = {
			isa = PBXProject;
			attributes = {
				LastUpgradeCheck = 1010;
				ORGANIZATIONNAME = io.github.dongjiawang;
				TargetAttributes = {
					7C775E0F21904C0E00018F6E = {
						CreatedOnToolsVersion = 10.1;
					};
					7C775E502191423D00018F6E = {
						CreatedOnToolsVersion = 10.1;
					};
				};
			};
			buildConfigurationList = 7C775E0B21904C0E00018F6E /* Build configuration list for PBXProject "LocationAndMap" */;
			compatibilityVersion = "Xcode 9.3";
			developmentRegion = en;
			hasScannedForEncodings = 0;
			knownRegions = (
				en,
			);
			mainGroup = 7C775E0721904C0E00018F6E;
			productRefGroup = 7C775E1121904C0E00018F6E /* Products */;
			projectDirPath = "";
			projectRoot = "";
			targets = (
				7C775E0F21904C0E00018F6E /* LocationAndMap */,
				7C775E502191423D00018F6E /* LocationAndMapBundle */,
			);
		};
/* End PBXProject section */

/* Begin PBXResourcesBuildPhase section */
		7C775E4F2191423D00018F6E /* Resources */ = {
			isa = PBXResourcesBuildPhase;
			buildActionMask = 2147483647;
			files = (
				7C775E68219160D300018F6E /* LocationPointViewController.xib in Resources */,
				7C775E732191785100018F6E /* LocationMapViewController.xib in Resources */,
				7C775E602191436B00018F6E /* LocationAndMapViewController.xib in Resources */,
				7C775E7B219295E000018F6E /* LocationNavitionViewController.xib in Resources */,
			);
			runOnlyForDeploymentPostprocessing = 0;
		};
/* End PBXResourcesBuildPhase section */

/* Begin PBXShellScriptBuildPhase section */
		7C775E572191431900018F6E /* ShellScript */ = {
			isa = PBXShellScriptBuildPhase;
			buildActionMask = 2147483647;
			files = (
			);
			inputFileListPaths = (
			);
			inputPaths = (
			);
			outputFileListPaths = (
			);
			outputPaths = (
			);
			runOnlyForDeploymentPostprocessing = 0;
			shellPath = /bin/sh;
			shellScript = "# Type a script or drag a script file from your workspace to insert its path.\nFMK_NAME=${PROJECT_NAME}\nINSTALL_DIR=${SRCROOT}/../../iOS-FoundationDemo/ModuleBundles/${PROJECT_NAME}\n\nditto \"${BUILT_PRODUCTS_DIR}/${FMK_NAME}.bundle\" \"${INSTALL_DIR}/${FMK_NAME}.bundle\"\n";
		};
/* End PBXShellScriptBuildPhase section */

/* Begin PBXSourcesBuildPhase section */
		7C775E0C21904C0E00018F6E /* Sources */ = {
			isa = PBXSourcesBuildPhase;
			buildActionMask = 2147483647;
			files = (
				7C775E66219160D300018F6E /* LocationPointViewController.m in Sources */,
				7C775E5E2191436B00018F6E /* LocationAndMapViewController.m in Sources */,
				7C775E79219295E000018F6E /* LocationNavitionViewController.m in Sources */,
				7C775E712191785100018F6E /* LocationMapViewController.m in Sources */,
			);
			runOnlyForDeploymentPostprocessing = 0;
		};
		7C775E4D2191423D00018F6E /* Sources */ = {
			isa = PBXSourcesBuildPhase;
			buildActionMask = 2147483647;
			files = (
				7C775E67219160D300018F6E /* LocationPointViewController.m in Sources */,
				7C775E5F2191436B00018F6E /* LocationAndMapViewController.m in Sources */,
				7C775E7A219295E000018F6E /* LocationNavitionViewController.m in Sources */,
				7C775E722191785100018F6E /* LocationMapViewController.m in Sources */,
			);
			runOnlyForDeploymentPostprocessing = 0;
		};
/* End PBXSourcesBuildPhase section */

/* Begin XCBuildConfiguration section */
		7C775E1721904C0E00018F6E /* Debug */ = {
			isa = XCBuildConfiguration;
			buildSettings = {
				ALWAYS_SEARCH_USER_PATHS = NO;
				CLANG_ANALYZER_NONNULL = YES;
				CLANG_ANALYZER_NUMBER_OBJECT_CONVERSION = YES_AGGRESSIVE;
				CLANG_CXX_LANGUAGE_STANDARD = "gnu++14";
				CLANG_CXX_LIBRARY = "libc++";
				CLANG_ENABLE_MODULES = YES;
				CLANG_ENABLE_OBJC_ARC = YES;
				CLANG_ENABLE_OBJC_WEAK = YES;
				CLANG_WARN_BLOCK_CAPTURE_AUTORELEASING = YES;
				CLANG_WARN_BOOL_CONVERSION = YES;
				CLANG_WARN_COMMA = YES;
				CLANG_WARN_CONSTANT_CONVERSION = YES;
				CLANG_WARN_DEPRECATED_OBJC_IMPLEMENTATIONS = YES;
				CLANG_WARN_DIRECT_OBJC_ISA_USAGE = YES_ERROR;
				CLANG_WARN_DOCUMENTATION_COMMENTS = YES;
				CLANG_WARN_EMPTY_BODY = YES;
				CLANG_WARN_ENUM_CONVERSION = YES;
				CLANG_WARN_INFINITE_RECURSION = YES;
				CLANG_WARN_INT_CONVERSION = YES;
				CLANG_WARN_NON_LITERAL_NULL_CONVERSION = YES;
				CLANG_WARN_OBJC_IMPLICIT_RETAIN_SELF = YES;
				CLANG_WARN_OBJC_LITERAL_CONVERSION = YES;
				CLANG_WARN_OBJC_ROOT_CLASS = YES_ERROR;
				CLANG_WARN_RANGE_LOOP_ANALYSIS = YES;
				CLANG_WARN_STRICT_PROTOTYPES = YES;
				CLANG_WARN_SUSPICIOUS_MOVE = YES;
				CLANG_WARN_UNGUARDED_AVAILABILITY = YES_AGGRESSIVE;
				CLANG_WARN_UNREACHABLE_CODE = YES;
				CLANG_WARN__DUPLICATE_METHOD_MATCH = YES;
				CODE_SIGN_IDENTITY = "iPhone Developer";
				COPY_PHASE_STRIP = NO;
				DEBUG_INFORMATION_FORMAT = dwarf;
				ENABLE_STRICT_OBJC_MSGSEND = YES;
				ENABLE_TESTABILITY = YES;
				GCC_C_LANGUAGE_STANDARD = gnu11;
				GCC_DYNAMIC_NO_PIC = NO;
				GCC_NO_COMMON_BLOCKS = YES;
				GCC_OPTIMIZATION_LEVEL = 0;
				GCC_PREPROCESSOR_DEFINITIONS = (
					"DEBUG=1",
					"$(inherited)",
				);
				GCC_WARN_64_TO_32_BIT_CONVERSION = YES;
				GCC_WARN_ABOUT_RETURN_TYPE = YES_ERROR;
				GCC_WARN_UNDECLARED_SELECTOR = YES;
				GCC_WARN_UNINITIALIZED_AUTOS = YES_AGGRESSIVE;
				GCC_WARN_UNUSED_FUNCTION = YES;
				GCC_WARN_UNUSED_VARIABLE = YES;
				IPHONEOS_DEPLOYMENT_TARGET = 12.1;
				MTL_ENABLE_DEBUG_INFO = INCLUDE_SOURCE;
				MTL_FAST_MATH = YES;
				ONLY_ACTIVE_ARCH = YES;
				SDKROOT = iphoneos;
			};
			name = Debug;
		};
		7C775E1821904C0E00018F6E /* Release */ = {
			isa = XCBuildConfiguration;
			buildSettings = {
				ALWAYS_SEARCH_USER_PATHS = NO;
				CLANG_ANALYZER_NONNULL = YES;
				CLANG_ANALYZER_NUMBER_OBJECT_CONVERSION = YES_AGGRESSIVE;
				CLANG_CXX_LANGUAGE_STANDARD = "gnu++14";
				CLANG_CXX_LIBRARY = "libc++";
				CLANG_ENABLE_MODULES = YES;
				CLANG_ENABLE_OBJC_ARC = YES;
				CLANG_ENABLE_OBJC_WEAK = YES;
				CLANG_WARN_BLOCK_CAPTURE_AUTORELEASING = YES;
				CLANG_WARN_BOOL_CONVERSION = YES;
				CLANG_WARN_COMMA = YES;
				CLANG_WARN_CONSTANT_CONVERSION = YES;
				CLANG_WARN_DEPRECATED_OBJC_IMPLEMENTATIONS = YES;
				CLANG_WARN_DIRECT_OBJC_ISA_USAGE = YES_ERROR;
				CLANG_WARN_DOCUMENTATION_COMMENTS = YES;
				CLANG_WARN_EMPTY_BODY = YES;
				CLANG_WARN_ENUM_CONVERSION = YES;
				CLANG_WARN_INFINITE_RECURSION = YES;
				CLANG_WARN_INT_CONVERSION = YES;
				CLANG_WARN_NON_LITERAL_NULL_CONVERSION = YES;
				CLANG_WARN_OBJC_IMPLICIT_RETAIN_SELF = YES;
				CLANG_WARN_OBJC_LITERAL_CONVERSION = YES;
				CLANG_WARN_OBJC_ROOT_CLASS = YES_ERROR;
				CLANG_WARN_RANGE_LOOP_ANALYSIS = YES;
				CLANG_WARN_STRICT_PROTOTYPES = YES;
				CLANG_WARN_SUSPICIOUS_MOVE = YES;
				CLANG_WARN_UNGUARDED_AVAILABILITY = YES_AGGRESSIVE;
				CLANG_WARN_UNREACHABLE_CODE = YES;
				CLANG_WARN__DUPLICATE_METHOD_MATCH = YES;
				CODE_SIGN_IDENTITY = "iPhone Developer";
				COPY_PHASE_STRIP = NO;
				DEBUG_INFORMATION_FORMAT = "dwarf-with-dsym";
				ENABLE_NS_ASSERTIONS = NO;
				ENABLE_STRICT_OBJC_MSGSEND = YES;
				GCC_C_LANGUAGE_STANDARD = gnu11;
				GCC_NO_COMMON_BLOCKS = YES;
				GCC_WARN_64_TO_32_BIT_CONVERSION = YES;
				GCC_WARN_ABOUT_RETURN_TYPE = YES_ERROR;
				GCC_WARN_UNDECLARED_SELECTOR = YES;
				GCC_WARN_UNINITIALIZED_AUTOS = YES_AGGRESSIVE;
				GCC_WARN_UNUSED_FUNCTION = YES;
				GCC_WARN_UNUSED_VARIABLE = YES;
				IPHONEOS_DEPLOYMENT_TARGET = 12.1;
				MTL_ENABLE_DEBUG_INFO = NO;
				MTL_FAST_MATH = YES;
				SDKROOT = iphoneos;
				VALIDATE_PRODUCT = YES;
			};
			name = Release;
		};
		7C775E1A21904C0E00018F6E /* Debug */ = {
			isa = XCBuildConfiguration;
			buildSettings = {
				CODE_SIGN_STYLE = Automatic;
				DEVELOPMENT_TEAM = 55L89582PS;
				OTHER_LDFLAGS = "-ObjC";
				PRODUCT_NAME = "$(TARGET_NAME)";
				SKIP_INSTALL = YES;
				TARGETED_DEVICE_FAMILY = "1,2";
			};
			name = Debug;
		};
		7C775E1B21904C0E00018F6E /* Release */ = {
			isa = XCBuildConfiguration;
			buildSettings = {
				CODE_SIGN_STYLE = Automatic;
				DEVELOPMENT_TEAM = 55L89582PS;
				OTHER_LDFLAGS = "-ObjC";
				PRODUCT_NAME = "$(TARGET_NAME)";
				SKIP_INSTALL = YES;
				TARGETED_DEVICE_FAMILY = "1,2";
			};
			name = Release;
		};
		7C775E542191423D00018F6E /* Debug */ = {
			isa = XCBuildConfiguration;
			buildSettings = {
				CODE_SIGN_IDENTITY = "Mac Developer";
				CODE_SIGN_STYLE = Automatic;
				COMBINE_HIDPI_IMAGES = YES;
				DEVELOPMENT_TEAM = 55L89582PS;
				INFOPLIST_FILE = LocationAndMapBundle/Info.plist;
				INSTALL_PATH = "$(LOCAL_LIBRARY_DIR)/Bundles";
				MACOSX_DEPLOYMENT_TARGET = 10.14;
				PRODUCT_BUNDLE_IDENTIFIER = io.github.dongjiawang.LocationAndMapBundle;
				PRODUCT_NAME = LocationAndMap;
				SDKROOT = iphoneos;
				SKIP_INSTALL = YES;
				WRAPPER_EXTENSION = bundle;
			};
			name = Debug;
		};
		7C775E552191423D00018F6E /* Release */ = {
			isa = XCBuildConfiguration;
			buildSettings = {
				CODE_SIGN_IDENTITY = "Mac Developer";
				CODE_SIGN_STYLE = Automatic;
				COMBINE_HIDPI_IMAGES = YES;
				DEVELOPMENT_TEAM = 55L89582PS;
				INFOPLIST_FILE = LocationAndMapBundle/Info.plist;
				INSTALL_PATH = "$(LOCAL_LIBRARY_DIR)/Bundles";
				MACOSX_DEPLOYMENT_TARGET = 10.14;
				PRODUCT_BUNDLE_IDENTIFIER = io.github.dongjiawang.LocationAndMapBundle;
				PRODUCT_NAME = LocationAndMap;
				SDKROOT = iphoneos;
				SKIP_INSTALL = YES;
				WRAPPER_EXTENSION = bundle;
			};
			name = Release;
		};
/* End XCBuildConfiguration section */

/* Begin XCConfigurationList section */
		7C775E0B21904C0E00018F6E /* Build configuration list for PBXProject "LocationAndMap" */ = {
			isa = XCConfigurationList;
			buildConfigurations = (
				7C775E1721904C0E00018F6E /* Debug */,
				7C775E1821904C0E00018F6E /* Release */,
			);
			defaultConfigurationIsVisible = 0;
			defaultConfigurationName = Release;
		};
		7C775E1921904C0E00018F6E /* Build configuration list for PBXNativeTarget "LocationAndMap" */ = {
			isa = XCConfigurationList;
			buildConfigurations = (
				7C775E1A21904C0E00018F6E /* Debug */,
				7C775E1B21904C0E00018F6E /* Release */,
			);
			defaultConfigurationIsVisible = 0;
			defaultConfigurationName = Release;
		};
		7C775E562191423D00018F6E /* Build configuration list for PBXNativeTarget "LocationAndMapBundle" */ = {
			isa = XCConfigurationList;
			buildConfigurations = (
				7C775E542191423D00018F6E /* Debug */,
				7C775E552191423D00018F6E /* Release */,
			);
			defaultConfigurationIsVisible = 0;
			defaultConfigurationName = Release;
		};
/* End XCConfigurationList section */
	};
	rootObject = 7C775E0821904C0E00018F6E /* Project object */;
}
